
Microsoft Visual Studio Solution File, Format Version 12.00
# Visual Studio Version 16
VisualStudioVersion = 16.0.31205.134
MinimumVisualStudioVersion = 10.0.40219.1
Project("{9A19103F-16F7-4668-BE54-9A1E7A4F7556}") = "SocialNetwork", "SocialNetwork\SocialNetwork.csproj", "{B87FDDD1-DA78-4150-A475-1753C61E3D3C}"
EndProject
Project("{9A19103F-16F7-4668-BE54-9A1E7A4F7556}") = "SocialNetwork.Data", "SocialNetwork.Data\SocialNetwork.Data.csproj", "{928F2BBC-1FEC-42C1-AAFB-245F51582E96}"
EndProject
Project("{9A19103F-16F7-4668-BE54-9A1E7A4F7556}") = "SocialNetwork.ProfileManager", "SocialNetwork.Profile\SocialNetwork.ProfileManager.csproj", "{B17A5350-7D78-41F8-82C7-C0787B8272E4}"
EndProject
Global
	GlobalSection(SolutionConfigurationPlatforms) = preSolution
		Debug|Any CPU = Debug|Any CPU
		Release|Any CPU = Release|Any CPU
	EndGlobalSection
	GlobalSection(ProjectConfigurationPlatforms) = postSolution
		{B87FDDD1-DA78-4150-A475-1753C61E3D3C}.Debug|Any CPU.ActiveCfg = Debug|Any CPU
		{B87FDDD1-DA78-4150-A475-1753C61E3D3C}.Debug|Any CPU.Build.0 = Debug|Any CPU
		{B87FDDD1-DA78-4150-A475-1753C61E3D3C}.Release|Any CPU.ActiveCfg = Release|Any CPU
		{B87FDDD1-DA78-4150-A475-1753C61E3D3C}.Release|Any CPU.Build.0 = Release|Any CPU
		{928F2BBC-1FEC-42C1-AAFB-245F51582E96}.Debug|Any CPU.ActiveCfg = Debug|Any CPU
		{928F2BBC-1FEC-42C1-AAFB-245F51582E96}.Debug|Any CPU.Build.0 = Debug|Any CPU
		{928F2BBC-1FEC-42C1-AAFB-245F51582E96}.Release|Any CPU.ActiveCfg = Release|Any CPU
		{928F2BBC-1FEC-42C1-AAFB-245F51582E96}.Release|Any CPU.Build.0 = Release|Any CPU
		{B17A5350-7D78-41F8-82C7-C0787B8272E4}.Debug|Any CPU.ActiveCfg = Debug|Any CPU
		{B17A5350-7D78-41F8-82C7-C0787B8272E4}.Debug|Any CPU.Build.0 = Debug|Any CPU
		{B17A5350-7D78-41F8-82C7-C0787B8272E4}.Release|Any CPU.ActiveCfg = Release|Any CPU
		{B17A5350-7D78-41F8-82C7-C0787B8272E4}.Release|Any CPU.Build.0 = Release|Any CPU
	EndGlobalSection
	GlobalSection(SolutionProperties) = preSolution
		HideSolutionNode = FALSE
	EndGlobalSection
	GlobalSection(ExtensibilityGlobals) = postSolution
		SolutionGuid = {B6671383-218C-4B4F-8C2A-A83DF7152DCC}
	EndGlobalSection
EndGlobal
